
Microsoft Visual Studio Solution File, Format Version 12.00
# Visual Studio Version 17
VisualStudioVersion = 17.11.35303.130
MinimumVisualStudioVersion = 10.0.40219.1
Project("{FAE04EC0-301F-11D3-BF4B-00C04F79EFBC}") = "TP01PDMI6", "TP01PDMI6\TP01PDMI6.csproj", "{6B007D47-927D-4F90-BA4A-A4F0B2C2297B}"
EndProject
Global
	GlobalSection(SolutionConfigurationPlatforms) = preSolution
		Debug|Any CPU = Debug|Any CPU
		Release|Any CPU = Release|Any CPU
	EndGlobalSection
	GlobalSection(ProjectConfigurationPlatforms) = postSolution
		{6B007D47-927D-4F90-BA4A-A4F0B2C2297B}.Debug|Any CPU.ActiveCfg = Debug|Any CPU
		{6B007D47-927D-4F90-BA4A-A4F0B2C2297B}.Debug|Any CPU.Build.0 = Debug|Any CPU
		{6B007D47-927D-4F90-BA4A-A4F0B2C2297B}.Debug|Any CPU.Deploy.0 = Debug|Any CPU
		{6B007D47-927D-4F90-BA4A-A4F0B2C2297B}.Release|Any CPU.ActiveCfg = Release|Any CPU
		{6B007D47-927D-4F90-BA4A-A4F0B2C2297B}.Release|Any CPU.Build.0 = Release|Any CPU
		{6B007D47-927D-4F90-BA4A-A4F0B2C2297B}.Release|Any CPU.Deploy.0 = Release|Any CPU
	EndGlobalSection
	GlobalSection(SolutionProperties) = preSolution
		HideSolutionNode = FALSE
	EndGlobalSection
	GlobalSection(ExtensibilityGlobals) = postSolution
		SolutionGuid = {8CB392F0-39AD-4DCB-8D4B-FE56A8ABC12A}
	EndGlobalSection
EndGlobal
